# THIS IS AN AUTOGENERATED FILE. DO NOT EDIT THIS FILE DIRECTLY.
# yarn lockfile v1


"@types/node@*", "@types/node@^12.7.5":
  version "12.7.8"
  resolved "https://registry.npm.taobao.org/@types/node/download/@types/node-12.7.8.tgz?cache=0&sync_timestamp=1569453138457&other_urls=https%3A%2F%2Fregistry.npm.taobao.org%2F%40types%2Fnode%2Fdownload%2F%40types%2Fnode-12.7.8.tgz#cb1bf6800238898bc2ff6ffa5702c3cadd350708"
  integrity sha1-yxv2gAI4iYvC/2/6VwLDyt01Bwg=

"@types/pdfkit@^0.10.2":
  version "0.10.2"
  resolved "https://registry.npm.taobao.org/@types/pdfkit/download/@types/pdfkit-0.10.2.tgz#22d061c2f73f62b7821c4812ba3e3eafb8e35043"
  integrity sha1-ItBhwvc/YreCHEgSuj4+r7jjUEM=
  dependencies:
    "@types/node" "*"

acorn@^5.0.0:
  version "5.7.3"
  resolved "https://registry.npm.taobao.org/acorn/download/acorn-5.7.3.tgz#67aa231bf8812974b85235a96771eb6bd07ea279"
  integrity sha1-Z6ojG/iBKXS4UjWpZ3Hra9B+onk=

amdefine@>=0.0.4:
  version "1.0.1"
  resolved "https://registry.npm.taobao.org/amdefine/download/amdefine-1.0.1.tgz#4a5282ac164729e93619bcfd3ad151f817ce91f5"
  integrity sha1-SlKCrBZHKek2Gbz9OtFR+BfOkfU=

ast-transform@0.0.0:
  version "0.0.0"
  resolved "https://registry.npm.taobao.org/ast-transform/download/ast-transform-0.0.0.tgz#74944058887d8283e189d954600947bc98fe0062"
  integrity sha1-dJRAWIh9goPhidlUYAlHvJj+AGI=
  dependencies:
    escodegen "~1.2.0"
    esprima "~1.0.4"
    through "~2.3.4"

ast-types@^0.7.0:
  version "0.7.8"
  resolved "https://registry.npm.taobao.org/ast-types/download/ast-types-0.7.8.tgz#902d2e0d60d071bdcd46dc115e1809ed11c138a9"
  integrity sha1-kC0uDWDQcb3NRtwRXhgJ7RHBOKk=

babel-runtime@^6.11.6:
  version "6.26.0"
  resolved "https://registry.npm.taobao.org/babel-runtime/download/babel-runtime-6.26.0.tgz#965c7058668e82b55d7bfe04ff2337bc8b5647fe"
  integrity sha1-llxwWGaOgrVde/4E/yM3vItWR/4=
  dependencies:
    core-js "^2.4.0"
    regenerator-runtime "^0.11.0"

base64-js@0.0.8:
  version "0.0.8"
  resolved "https://registry.npm.taobao.org/base64-js/download/base64-js-0.0.8.tgz#1101e9544f4a76b1bc3b26d452ca96d7a35e7978"
  integrity sha1-EQHpVE9KdrG8OybUUsqW16NeeXg=

base64-js@^1.1.2, base64-js@^1.3.0:
  version "1.3.1"
  resolved "https://registry.npm.taobao.org/base64-js/download/base64-js-1.3.1.tgz#58ece8cb75dd07e71ed08c736abc5fac4dbf8df1"
  integrity sha1-WOzoy3XdB+ce0IxzarxfrE2/jfE=

brfs@^1.3.0, brfs@^1.4.0:
  version "1.6.1"
  resolved "https://registry.npm.taobao.org/brfs/download/brfs-1.6.1.tgz#b78ce2336d818e25eea04a0947cba6d4fb8849c3"
  integrity sha1-t4ziM22BjiXuoEoJR8um1PuIScM=
  dependencies:
    quote-stream "^1.0.1"
    resolve "^1.1.5"
    static-module "^2.2.0"
    through2 "^2.0.0"

brotli@^1.2.0:
  version "1.3.2"
  resolved "https://registry.npm.taobao.org/brotli/download/brotli-1.3.2.tgz#525a9cad4fcba96475d7d388f6aecb13eed52f46"
  integrity sha1-UlqcrU/LqWR119OI9q7LE+7VL0Y=
  dependencies:
    base64-js "^1.1.2"

browser-resolve@^1.8.1:
  version "1.11.3"
  resolved "https://registry.npm.taobao.org/browser-resolve/download/browser-resolve-1.11.3.tgz#9b7cbb3d0f510e4cb86bdbd796124d28b5890af6"
  integrity sha1-m3y7PQ9RDky4a9vXlhJNKLWJCvY=
  dependencies:
    resolve "1.1.7"

browserify-optional@^1.0.0:
  version "1.0.1"
  resolved "https://registry.npm.taobao.org/browserify-optional/download/browserify-optional-1.0.1.tgz#1e13722cfde0d85f121676c2a72ced533a018869"
  integrity sha1-HhNyLP3g2F8SFnbCpyztUzoBiGk=
  dependencies:
    ast-transform "0.0.0"
    ast-types "^0.7.0"
    browser-resolve "^1.8.1"

buffer-equal@0.0.1:
  version "0.0.1"
  resolved "https://registry.npm.taobao.org/buffer-equal/download/buffer-equal-0.0.1.tgz#91bc74b11ea405bc916bc6aa908faafa5b4aac4b"
  integrity sha1-kbx0sR6kBbyRa8aqkI+q+ltKrEs=

buffer-from@^1.0.0:
  version "1.1.1"
  resolved "https://registry.npm.taobao.org/buffer-from/download/buffer-from-1.1.1.tgz#32713bc028f75c02fdb710d7c7bcec1f2c6070ef"
  integrity sha1-MnE7wCj3XAL9txDXx7zsHyxgcO8=

clone@^1.0.1:
  version "1.0.4"
  resolved "https://registry.npm.taobao.org/clone/download/clone-1.0.4.tgz#da309cc263df15994c688ca902179ca3c7cd7c7e"
  integrity sha1-2jCcwmPfFZlMaIypAheco8fNfH4=

concat-stream@~1.6.0:
  version "1.6.2"
  resolved "https://registry.npm.taobao.org/concat-stream/download/concat-stream-1.6.2.tgz#904bdf194cd3122fc675c77fc4ac3d4ff0fd1a34"
  integrity sha1-kEvfGUzTEi/Gdcd/xKw9T/D9GjQ=
  dependencies:
    buffer-from "^1.0.0"
    inherits "^2.0.3"
    readable-stream "^2.2.2"
    typedarray "^0.0.6"

convert-source-map@^1.5.1:
  version "1.6.0"
  resolved "https://registry.npm.taobao.org/convert-source-map/download/convert-source-map-1.6.0.tgz#51b537a8c43e0f04dec1993bffcdd504e758ac20"
  integrity sha1-UbU3qMQ+DwTewZk7/83VBOdYrCA=
  dependencies:
    safe-buffer "~5.1.1"

core-js@^2.4.0:
  version "2.6.9"
  resolved "https://registry.npm.taobao.org/core-js/download/core-js-2.6.9.tgz#6b4b214620c834152e179323727fc19741b084f2"
  integrity sha1-a0shRiDINBUuF5Mjcn/Bl0GwhPI=

core-util-is@~1.0.0:
  version "1.0.2"
  resolved "https://registry.npm.taobao.org/core-util-is/download/core-util-is-1.0.2.tgz#b5fd54220aa2bc5ab57aab7140c940754503c1a7"
  integrity sha1-tf1UIgqivFq1eqtxQMlAdUUDwac=

crypto-js@^3.1.9-1:
  version "3.1.9-1"
  resolved "https://registry.npm.taobao.org/crypto-js/download/crypto-js-3.1.9-1.tgz#fda19e761fc077e01ffbfdc6e9fdfc59e8806cd8"
  integrity sha1-/aGedh/Ad+Af+/3G6f38WeiAbNg=

deep-equal@^1.0.0:
  version "1.1.0"
  resolved "https://registry.npm.taobao.org/deep-equal/download/deep-equal-1.1.0.tgz#3103cdf8ab6d32cf4a8df7865458f2b8d33f3745"
  integrity sha1-MQPN+KttMs9KjfeGVFjyuNM/N0U=
  dependencies:
    is-arguments "^1.0.4"
    is-date-object "^1.0.1"
    is-regex "^1.0.4"
    object-is "^1.0.1"
    object-keys "^1.1.1"
    regexp.prototype.flags "^1.2.0"

deep-is@~0.1.3:
  version "0.1.3"
  resolved "https://registry.npm.taobao.org/deep-is/download/deep-is-0.1.3.tgz#b369d6fb5dbc13eecf524f91b070feedc357cf34"
  integrity sha1-s2nW+128E+7PUk+RsHD+7cNXzzQ=

define-properties@^1.1.2:
  version "1.1.3"
  resolved "https://registry.npm.taobao.org/define-properties/download/define-properties-1.1.3.tgz#cf88da6cbee26fe6db7094f61d870cbd84cee9f1"
  integrity sha1-z4jabL7ib+bbcJT2HYcMvYTO6fE=
  dependencies:
    object-keys "^1.0.12"

dfa@^1.0.0:
  version "1.2.0"
  resolved "https://registry.npm.taobao.org/dfa/download/dfa-1.2.0.tgz#96ac3204e2d29c49ea5b57af8d92c2ae12790657"
  integrity sha1-lqwyBOLSnEnqW1evjZLCrhJ5Blc=

duplexer2@~0.1.4:
  version "0.1.4"
  resolved "https://registry.npm.taobao.org/duplexer2/download/duplexer2-0.1.4.tgz#8b12dab878c0d69e3e7891051662a32fc6bddcc1"
  integrity sha1-ixLauHjA1p4+eJEFFmKjL8a93ME=
  dependencies:
    readable-stream "^2.0.2"

escodegen@^1.8.1:
  version "1.12.0"
  resolved "https://registry.npm.taobao.org/escodegen/download/escodegen-1.12.0.tgz#f763daf840af172bb3a2b6dd7219c0e17f7ff541"
  integrity sha1-92Pa+ECvFyuzorbdchnA4X9/9UE=
  dependencies:
    esprima "^3.1.3"
    estraverse "^4.2.0"
    esutils "^2.0.2"
    optionator "^0.8.1"
  optionalDependencies:
    source-map "~0.6.1"

escodegen@~1.2.0:
  version "1.2.0"
  resolved "https://registry.npm.taobao.org/escodegen/download/escodegen-1.2.0.tgz#09de7967791cc958b7f89a2ddb6d23451af327e1"
  integrity sha1-Cd55Z3kcyVi3+Jot220jRRrzJ+E=
  dependencies:
    esprima "~1.0.4"
    estraverse "~1.5.0"
    esutils "~1.0.0"
  optionalDependencies:
    source-map "~0.1.30"

escodegen@~1.9.0:
  version "1.9.1"
  resolved "https://registry.npm.taobao.org/escodegen/download/escodegen-1.9.1.tgz#dbae17ef96c8e4bedb1356f4504fa4cc2f7cb7e2"
  integrity sha1-264X75bI5L7bE1b0UE+kzC98t+I=
  dependencies:
    esprima "^3.1.3"
    estraverse "^4.2.0"
    esutils "^2.0.2"
    optionator "^0.8.1"
  optionalDependencies:
    source-map "~0.6.1"

esprima@^3.1.3:
  version "3.1.3"
  resolved "https://registry.npm.taobao.org/esprima/download/esprima-3.1.3.tgz#fdca51cee6133895e3c88d535ce49dbff62a4633"
  integrity sha1-/cpRzuYTOJXjyI1TXOSdv/YqRjM=

esprima@~1.0.4:
  version "1.0.4"
  resolved "https://registry.npm.taobao.org/esprima/download/esprima-1.0.4.tgz#9f557e08fc3b4d26ece9dd34f8fbf476b62585ad"
  integrity sha1-n1V+CPw7TSbs6d00+Pv0drYlha0=

estraverse@^4.2.0:
  version "4.3.0"
  resolved "https://registry.npm.taobao.org/estraverse/download/estraverse-4.3.0.tgz#398ad3f3c5a24948be7725e83d11a7de28cdbd1d"
  integrity sha1-OYrT88WiSUi+dyXoPRGn3ijNvR0=

estraverse@~1.5.0:
  version "1.5.1"
  resolved "https://registry.npm.taobao.org/estraverse/download/estraverse-1.5.1.tgz#867a3e8e58a9f84618afb6c2ddbcd916b7cbaf71"
  integrity sha1-hno+jlip+EYYr7bC3bzZFrfLr3E=

esutils@^2.0.2:
  version "2.0.3"
  resolved "https://registry.npm.taobao.org/esutils/download/esutils-2.0.3.tgz#74d2eb4de0b8da1293711910d50775b9b710ef64"
  integrity sha1-dNLrTeC42hKTcRkQ1Qd1ubcQ72Q=

esutils@~1.0.0:
  version "1.0.0"
  resolved "https://registry.npm.taobao.org/esutils/download/esutils-1.0.0.tgz#8151d358e20c8acc7fb745e7472c0025fe496570"
  integrity sha1-gVHTWOIMisx/t0XnRywAJf5JZXA=

falafel@^2.1.0:
  version "2.1.0"
  resolved "https://registry.npm.taobao.org/falafel/download/falafel-2.1.0.tgz#96bb17761daba94f46d001738b3cedf3a67fe06c"
  integrity sha1-lrsXdh2rqU9G0AFzizzt86Z/4Gw=
  dependencies:
    acorn "^5.0.0"
    foreach "^2.0.5"
    isarray "0.0.1"
    object-keys "^1.0.6"

fast-levenshtein@~2.0.4:
  version "2.0.6"
  resolved "https://registry.npm.taobao.org/fast-levenshtein/download/fast-levenshtein-2.0.6.tgz#3d8a5c66883a16a30ca8643e851f19baa7797917"
  integrity sha1-PYpcZog6FqMMqGQ+hR8Zuqd5eRc=

fontkit@^1.0.0:
  version "1.8.0"
  resolved "https://registry.npm.taobao.org/fontkit/download/fontkit-1.8.0.tgz#deb9351619e90ddc91707b6156a9f14c8ab11554"
  integrity sha1-3rk1FhnpDdyRcHthVqnxTIqxFVQ=
  dependencies:
    babel-runtime "^6.11.6"
    brfs "^1.4.0"
    brotli "^1.2.0"
    browserify-optional "^1.0.0"
    clone "^1.0.1"
    deep-equal "^1.0.0"
    dfa "^1.0.0"
    restructure "^0.5.3"
    tiny-inflate "^1.0.2"
    unicode-properties "^1.0.0"
    unicode-trie "^0.3.0"

foreach@^2.0.5:
  version "2.0.5"
  resolved "https://registry.npm.taobao.org/foreach/download/foreach-2.0.5.tgz#0bee005018aeb260d0a3af3ae658dd0136ec1b99"
  integrity sha1-C+4AUBiusmDQo6865ljdATbsG5k=

function-bind@^1.1.1:
  version "1.1.1"
  resolved "https://registry.npm.taobao.org/function-bind/download/function-bind-1.1.1.tgz#a56899d3ea3c9bab874bb9773b7c5ede92f4895d"
  integrity sha1-pWiZ0+o8m6uHS7l3O3xe3pL0iV0=

has@^1.0.1:
  version "1.0.3"
  resolved "https://registry.npm.taobao.org/has/download/has-1.0.3.tgz#722d7cbfc1f6aa8241f16dd814e011e1f41e8796"
  integrity sha1-ci18v8H2qoJB8W3YFOAR4fQeh5Y=
  dependencies:
    function-bind "^1.1.1"

inherits@^2.0.3, inherits@~2.0.3:
  version "2.0.4"
  resolved "https://registry.npm.taobao.org/inherits/download/inherits-2.0.4.tgz#0fa2c64f932917c3433a0ded55363aae37416b7c"
  integrity sha1-D6LGT5MpF8NDOg3tVTY6rjdBa3w=

is-arguments@^1.0.4:
  version "1.0.4"
  resolved "https://registry.npm.taobao.org/is-arguments/download/is-arguments-1.0.4.tgz#3faf966c7cba0ff437fb31f6250082fcf0448cf3"
  integrity sha1-P6+WbHy6D/Q3+zH2JQCC/PBEjPM=

is-date-object@^1.0.1:
  version "1.0.1"
  resolved "https://registry.npm.taobao.org/is-date-object/download/is-date-object-1.0.1.tgz#9aa20eb6aeebbff77fbd33e74ca01b33581d3a16"
  integrity sha1-mqIOtq7rv/d/vTPnTKAbM1gdOhY=

is-regex@^1.0.4:
  version "1.0.4"
  resolved "https://registry.npm.taobao.org/is-regex/download/is-regex-1.0.4.tgz#5517489b547091b0930e095654ced25ee97e9491"
  integrity sha1-VRdIm1RwkbCTDglWVM7SXul+lJE=
  dependencies:
    has "^1.0.1"

isarray@0.0.1:
  version "0.0.1"
  resolved "https://registry.npm.taobao.org/isarray/download/isarray-0.0.1.tgz#8a18acfca9a8f4177e09abfc6038939b05d1eedf"
  integrity sha1-ihis/Kmo9Bd+Cav8YDiTmwXR7t8=

isarray@~1.0.0:
  version "1.0.0"
  resolved "https://registry.npm.taobao.org/isarray/download/isarray-1.0.0.tgz#bb935d48582cba168c06834957a54a3e07124f11"
  integrity sha1-u5NdSFgsuhaMBoNJV6VKPgcSTxE=

levn@~0.3.0:
  version "0.3.0"
  resolved "https://registry.npm.taobao.org/levn/download/levn-0.3.0.tgz#3b09924edf9f083c0490fdd4c0bc4421e04764ee"
  integrity sha1-OwmSTt+fCDwEkP3UwLxEIeBHZO4=
  dependencies:
    prelude-ls "~1.1.2"
    type-check "~0.3.2"

linebreak@^0.3.0:
  version "0.3.0"
  resolved "https://registry.npm.taobao.org/linebreak/download/linebreak-0.3.0.tgz#0526480a62c05bd679f3e9d99830e09c6a7d0ed6"
  integrity sha1-BSZICmLAW9Z58+nZmDDgnGp9DtY=
  dependencies:
    base64-js "0.0.8"
    brfs "^1.3.0"
    unicode-trie "^0.3.0"

magic-string@^0.22.4:
  version "0.22.5"
  resolved "https://registry.npm.taobao.org/magic-string/download/magic-string-0.22.5.tgz#8e9cf5afddf44385c1da5bc2a6a0dbd10b03657e"
  integrity sha1-jpz1r930Q4XB2lvCpqDb0QsDZX4=
  dependencies:
    vlq "^0.2.2"

merge-source-map@1.0.4:
  version "1.0.4"
  resolved "https://registry.npm.taobao.org/merge-source-map/download/merge-source-map-1.0.4.tgz#a5de46538dae84d4114cc5ea02b4772a6346701f"
  integrity sha1-pd5GU42uhNQRTMXqArR3KmNGcB8=
  dependencies:
    source-map "^0.5.6"

minimist@^1.1.3:
  version "1.2.6"
  resolved "https://registry.yarnpkg.com/minimist/-/minimist-1.2.6.tgz#8637a5b759ea0d6e98702cfb3a9283323c93af44"
  integrity sha512-Jsjnk4bw3YJqYzbdyBiNsPWHPfO++UGG749Cxs6peCu5Xg4nrena6OVxOYxrQTqww0Jmwt+Ref8rggumkTLz9Q==

object-inspect@~1.4.0:
  version "1.4.1"
  resolved "https://registry.npm.taobao.org/object-inspect/download/object-inspect-1.4.1.tgz#37ffb10e71adaf3748d05f713b4c9452f402cbc4"
  integrity sha1-N/+xDnGtrzdI0F9xO0yUUvQCy8Q=

object-is@^1.0.1:
  version "1.0.1"
  resolved "https://registry.npm.taobao.org/object-is/download/object-is-1.0.1.tgz#0aa60ec9989a0b3ed795cf4d06f62cf1ad6539b6"
  integrity sha1-CqYOyZiaCz7Xlc9NBvYs8a1lObY=

object-keys@^1.0.12, object-keys@^1.0.6, object-keys@^1.1.1:
  version "1.1.1"
  resolved "https://registry.npm.taobao.org/object-keys/download/object-keys-1.1.1.tgz#1c47f272df277f3b1daf061677d9c82e2322c60e"
  integrity sha1-HEfyct8nfzsdrwYWd9nILiMixg4=

optionator@^0.8.1:
  version "0.8.2"
  resolved "https://registry.npm.taobao.org/optionator/download/optionator-0.8.2.tgz#364c5e409d3f4d6301d6c0b4c05bba50180aeb64"
  integrity sha1-NkxeQJ0/TWMB1sC0wFu6UBgK62Q=
  dependencies:
    deep-is "~0.1.3"
    fast-levenshtein "~2.0.4"
    levn "~0.3.0"
    prelude-ls "~1.1.2"
    type-check "~0.3.2"
    wordwrap "~1.0.0"

pako@^0.2.5:
  version "0.2.9"
  resolved "https://registry.npm.taobao.org/pako/download/pako-0.2.9.tgz#f3f7522f4ef782348da8161bad9ecfd51bf83a75"
  integrity sha1-8/dSL073gjSNqBYbrZ7P1Rv4OnU=

path-parse@^1.0.6:
  version "1.0.6"
  resolved "https://registry.npm.taobao.org/path-parse/download/path-parse-1.0.6.tgz#d62dbb5679405d72c4737ec58600e9ddcf06d24c"
  integrity sha1-1i27VnlAXXLEc37FhgDp3c8G0kw=

pdfkit@^0.10.0:
  version "0.10.0"
  resolved "https://registry.npm.taobao.org/pdfkit/download/pdfkit-0.10.0.tgz#88f2aa8e3cf9e1cc2caff6447b68dd4e435cb284"
  integrity sha1-iPKqjjz54cwsr/ZEe2jdTkNcsoQ=
  dependencies:
    crypto-js "^3.1.9-1"
    fontkit "^1.0.0"
    linebreak "^0.3.0"
    png-js ">=0.1.0"

png-js@>=0.1.0:
  version "0.1.1"
  resolved "https://registry.npm.taobao.org/png-js/download/png-js-0.1.1.tgz#1cc7c212303acabe74263ec3ac78009580242d93"
  integrity sha1-HMfCEjA6yr50Jj7DrHgAlYAkLZM=

prelude-ls@~1.1.2:
  version "1.1.2"
  resolved "https://registry.npm.taobao.org/prelude-ls/download/prelude-ls-1.1.2.tgz#21932a549f5e52ffd9a827f570e04be62a97da54"
  integrity sha1-IZMqVJ9eUv/ZqCf1cOBL5iqX2lQ=

process-nextick-args@~2.0.0:
  version "2.0.1"
  resolved "https://registry.npm.taobao.org/process-nextick-args/download/process-nextick-args-2.0.1.tgz#7820d9b16120cc55ca9ae7792680ae7dba6d7fe2"
  integrity sha1-eCDZsWEgzFXKmud5JoCufbptf+I=

quote-stream@^1.0.1, quote-stream@~1.0.2:
  version "1.0.2"
  resolved "https://registry.npm.taobao.org/quote-stream/download/quote-stream-1.0.2.tgz#84963f8c9c26b942e153feeb53aae74652b7e0b2"
  integrity sha1-hJY/jJwmuULhU/7rU6rnRlK34LI=
  dependencies:
    buffer-equal "0.0.1"
    minimist "^1.1.3"
    through2 "^2.0.0"

readable-stream@^2.0.2, readable-stream@^2.2.2, readable-stream@~2.3.3, readable-stream@~2.3.6:
  version "2.3.6"
  resolved "https://registry.npm.taobao.org/readable-stream/download/readable-stream-2.3.6.tgz#b11c27d88b8ff1fbe070643cf94b0c79ae1b0aaf"
  integrity sha1-sRwn2IuP8fvgcGQ8+UsMea4bCq8=
  dependencies:
    core-util-is "~1.0.0"
    inherits "~2.0.3"
    isarray "~1.0.0"
    process-nextick-args "~2.0.0"
    safe-buffer "~5.1.1"
    string_decoder "~1.1.1"
    util-deprecate "~1.0.1"

regenerator-runtime@^0.11.0:
  version "0.11.1"
  resolved "https://registry.npm.taobao.org/regenerator-runtime/download/regenerator-runtime-0.11.1.tgz#be05ad7f9bf7d22e056f9726cee5017fbf19e2e9"
  integrity sha1-vgWtf5v30i4Fb5cmzuUBf78Z4uk=

regexp.prototype.flags@^1.2.0:
  version "1.2.0"
  resolved "https://registry.npm.taobao.org/regexp.prototype.flags/download/regexp.prototype.flags-1.2.0.tgz#6b30724e306a27833eeb171b66ac8890ba37e41c"
  integrity sha1-azByTjBqJ4M+6xcbZqyIkLo35Bw=
  dependencies:
    define-properties "^1.1.2"

resolve@1.1.7:
  version "1.1.7"
  resolved "https://registry.npm.taobao.org/resolve/download/resolve-1.1.7.tgz?cache=0&other_urls=https%3A%2F%2Fregistry.npm.taobao.org%2Fresolve%2Fdownload%2Fresolve-1.1.7.tgz#203114d82ad2c5ed9e8e0411b3932875e889e97b"
  integrity sha1-IDEU2CrSxe2ejgQRs5ModeiJ6Xs=

resolve@^1.1.5:
  version "1.12.0"
  resolved "https://registry.npm.taobao.org/resolve/download/resolve-1.12.0.tgz?cache=0&other_urls=https%3A%2F%2Fregistry.npm.taobao.org%2Fresolve%2Fdownload%2Fresolve-1.12.0.tgz#3fc644a35c84a48554609ff26ec52b66fa577df6"
  integrity sha1-P8ZEo1yEpIVUYJ/ybsUrZvpXffY=
  dependencies:
    path-parse "^1.0.6"

restructure@^0.5.3:
  version "0.5.4"
  resolved "https://registry.npm.taobao.org/restructure/download/restructure-0.5.4.tgz#f54e7dd563590fb34fd6bf55876109aeccb28de8"
  integrity sha1-9U591WNZD7NP1r9Vh2EJrsyyjeg=
  dependencies:
    browserify-optional "^1.0.0"

safe-buffer@~5.1.0, safe-buffer@~5.1.1:
  version "5.1.2"
  resolved "https://registry.npm.taobao.org/safe-buffer/download/safe-buffer-5.1.2.tgz#991ec69d296e0313747d59bdfd2b745c35f8828d"
  integrity sha1-mR7GnSluAxN0fVm9/St0XDX4go0=

shallow-copy@~0.0.1:
  version "0.0.1"
  resolved "https://registry.npm.taobao.org/shallow-copy/download/shallow-copy-0.0.1.tgz#415f42702d73d810330292cc5ee86eae1a11a170"
  integrity sha1-QV9CcC1z2BAzApLMXuhurhoRoXA=

source-map@^0.5.6:
  version "0.5.7"
  resolved "https://registry.npm.taobao.org/source-map/download/source-map-0.5.7.tgz#8a039d2d1021d22d1ea14c80d8ea468ba2ef3fcc"
  integrity sha1-igOdLRAh0i0eoUyA2OpGi6LvP8w=

source-map@~0.1.30:
  version "0.1.43"
  resolved "https://registry.npm.taobao.org/source-map/download/source-map-0.1.43.tgz#c24bc146ca517c1471f5dacbe2571b2b7f9e3346"
  integrity sha1-wkvBRspRfBRx9drL4lcbK3+eM0Y=
  dependencies:
    amdefine ">=0.0.4"

source-map@~0.6.1:
  version "0.6.1"
  resolved "https://registry.npm.taobao.org/source-map/download/source-map-0.6.1.tgz#74722af32e9614e9c287a8d0bbde48b5e2f1a263"
  integrity sha1-dHIq8y6WFOnCh6jQu95IteLxomM=

static-eval@^2.0.0:
  version "2.0.2"
  resolved "https://registry.npm.taobao.org/static-eval/download/static-eval-2.0.2.tgz#2d1759306b1befa688938454c546b7871f806a42"
  integrity sha1-LRdZMGsb76aIk4RUxUa3hx+AakI=
  dependencies:
    escodegen "^1.8.1"

static-module@^2.2.0:
  version "2.2.5"
  resolved "https://registry.npm.taobao.org/static-module/download/static-module-2.2.5.tgz#bd40abceae33da6b7afb84a0e4329ff8852bfbbf"
  integrity sha1-vUCrzq4z2mt6+4Sg5DKf+IUr+78=
  dependencies:
    concat-stream "~1.6.0"
    convert-source-map "^1.5.1"
    duplexer2 "~0.1.4"
    escodegen "~1.9.0"
    falafel "^2.1.0"
    has "^1.0.1"
    magic-string "^0.22.4"
    merge-source-map "1.0.4"
    object-inspect "~1.4.0"
    quote-stream "~1.0.2"
    readable-stream "~2.3.3"
    shallow-copy "~0.0.1"
    static-eval "^2.0.0"
    through2 "~2.0.3"

string_decoder@~1.1.1:
  version "1.1.1"
  resolved "https://registry.npm.taobao.org/string_decoder/download/string_decoder-1.1.1.tgz#9cf1611ba62685d7030ae9e4ba34149c3af03fc8"
  integrity sha1-nPFhG6YmhdcDCunkujQUnDrwP8g=
  dependencies:
    safe-buffer "~5.1.0"

through2@^2.0.0, through2@~2.0.3:
  version "2.0.5"
  resolved "https://registry.npm.taobao.org/through2/download/through2-2.0.5.tgz#01c1e39eb31d07cb7d03a96a70823260b23132cd"
  integrity sha1-AcHjnrMdB8t9A6lqcIIyYLIxMs0=
  dependencies:
    readable-stream "~2.3.6"
    xtend "~4.0.1"

through@~2.3.4:
  version "2.3.8"
  resolved "https://registry.npm.taobao.org/through/download/through-2.3.8.tgz#0dd4c9ffaabc357960b1b724115d7e0e86a2e1f5"
  integrity sha1-DdTJ/6q8NXlgsbckEV1+Doai4fU=

tiny-inflate@^1.0.0, tiny-inflate@^1.0.2:
  version "1.0.2"
  resolved "https://registry.npm.taobao.org/tiny-inflate/download/tiny-inflate-1.0.2.tgz#93d9decffc8805bd57eae4310f0b745e9b6fb3a7"
  integrity sha1-k9nez/yIBb1X6uQxDwt0Xptvs6c=

type-check@~0.3.2:
  version "0.3.2"
  resolved "https://registry.npm.taobao.org/type-check/download/type-check-0.3.2.tgz#5884cab512cf1d355e3fb784f30804b2b520db72"
  integrity sha1-WITKtRLPHTVeP7eE8wgEsrUg23I=
  dependencies:
    prelude-ls "~1.1.2"

typedarray@^0.0.6:
  version "0.0.6"
  resolved "https://registry.npm.taobao.org/typedarray/download/typedarray-0.0.6.tgz#867ac74e3864187b1d3d47d996a78ec5c8830777"
  integrity sha1-hnrHTjhkGHsdPUfZlqeOxciDB3c=

typescript@^3.6.3:
  version "3.6.3"
  resolved "https://registry.npm.taobao.org/typescript/download/typescript-3.6.3.tgz?cache=0&sync_timestamp=1569650873245&other_urls=https%3A%2F%2Fregistry.npm.taobao.org%2Ftypescript%2Fdownload%2Ftypescript-3.6.3.tgz#fea942fabb20f7e1ca7164ff626f1a9f3f70b4da"
  integrity sha1-/qlC+rsg9+HKcWT/Ym8anz9wtNo=

unicode-properties@^1.0.0:
  version "1.2.2"
  resolved "https://registry.npm.taobao.org/unicode-properties/download/unicode-properties-1.2.2.tgz#8ea79db656166f9c2eca157b0fd06c415dcf5b01"
  integrity sha1-jqedtlYWb5wuyhV7D9BsQV3PWwE=
  dependencies:
    base64-js "^1.3.0"
    unicode-trie "^1.0.0"

unicode-trie@^0.3.0:
  version "0.3.1"
  resolved "https://registry.npm.taobao.org/unicode-trie/download/unicode-trie-0.3.1.tgz#d671dddd89101a08bac37b6a5161010602052085"
  integrity sha1-1nHd3YkQGgi6w3tqUWEBBgIFIIU=
  dependencies:
    pako "^0.2.5"
    tiny-inflate "^1.0.0"

unicode-trie@^1.0.0:
  version "1.0.0"
  resolved "https://registry.npm.taobao.org/unicode-trie/download/unicode-trie-1.0.0.tgz#f649afdca127135edb55ca0ad7c8c60656d92ad1"
  integrity sha1-9kmv3KEnE17bVcoK18jGBlbZKtE=
  dependencies:
    pako "^0.2.5"
    tiny-inflate "^1.0.0"

util-deprecate@~1.0.1:
  version "1.0.2"
  resolved "https://registry.npm.taobao.org/util-deprecate/download/util-deprecate-1.0.2.tgz#450d4dc9fa70de732762fbd2d4a28981419a0ccf"
  integrity sha1-RQ1Nyfpw3nMnYvvS1KKJgUGaDM8=

vlq@^0.2.2:
  version "0.2.3"
  resolved "https://registry.npm.taobao.org/vlq/download/vlq-0.2.3.tgz#8f3e4328cf63b1540c0d67e1b2778386f8975b26"
  integrity sha1-jz5DKM9jsVQMDWfhsneDhviXWyY=

wordwrap@~1.0.0:
  version "1.0.0"
  resolved "https://registry.npm.taobao.org/wordwrap/download/wordwrap-1.0.0.tgz#27584810891456a4171c8d0226441ade90cbcaeb"
  integrity sha1-J1hIEIkUVqQXHI0CJkQa3pDLyus=

xtend@~4.0.1:
  version "4.0.2"
  resolved "https://registry.npm.taobao.org/xtend/download/xtend-4.0.2.tgz#bb72779f5fa465186b1f438f674fa347fdb5db54"
  integrity sha1-u3J3n1+kZRhrH0OPZ0+jR/2121Q=
